# THIS IS AN AUTOGENERATED FILE. DO NOT EDIT THIS FILE DIRECTLY.
# yarn lockfile v1


"@knadh/autocomp@^1.1.0":
  version "1.1.0"
  resolved "https://registry.yarnpkg.com/@knadh/autocomp/-/autocomp-1.1.0.tgz#0700ce6ee9f390e84557d931ae173ade48ddb503"
  integrity sha512-xR1CPgeJz0ZuciUnpRlt7uGq8akPtlWJriXmpxCuheUSOhGLxEQI6j4l0Sc1zPwum+wZDBZmxRlcjdZ1s5LCvg==
